// !$*UTF8*$!
{
	archiveVersion = 1;
	classes = {
	};
	objectVersion = 46;
	objects = {

/* Begin PBXBuildFile section */
		0E108B6B136C47F200168057 /* HBBProgressController.m in Sources */ = {isa = PBXBuildFile; fileRef = 0E108B6A136C47F200168057 /* HBBProgressController.m */; };
		0E18546B136C4222004B5558 /* HBBProgressWindow.xib in Resources */ = {isa = PBXBuildFile; fileRef = 0E18546A136C4222004B5558 /* HBBProgressWindow.xib */; };
		0E49A761137642B700FB3B77 /* manicure.rb in Resources */ = {isa = PBXBuildFile; fileRef = 0E49A75D137642B700FB3B77 /* manicure.rb */; };
		0E49A762137642B700FB3B77 /* plist.rb in Resources */ = {isa = PBXBuildFile; fileRef = 0E49A75E137642B700FB3B77 /* plist.rb */; };
		0E49A7641376437400FB3B77 /* generator.rb in CopyFiles */ = {isa = PBXBuildFile; fileRef = 0E49A75B137642B700FB3B77 /* generator.rb */; };
		0E49A7651376437400FB3B77 /* parser.rb in CopyFiles */ = {isa = PBXBuildFile; fileRef = 0E49A75C137642B700FB3B77 /* parser.rb */; };
		0E49A76813764A1500FB3B77 /* HBBPresets.m in Sources */ = {isa = PBXBuildFile; fileRef = 0E49A76713764A1500FB3B77 /* HBBPresets.m */; };
		0E54925F136C49890094563F /* HBBInputFile.m in Sources */ = {isa = PBXBuildFile; fileRef = 0E54925E136C49890094563F /* HBBInputFile.m */; };
		0E6C285C14C288BC004A0FE5 /* iso639-2.db in Resources */ = {isa = PBXBuildFile; fileRef = 0E6C285B14C288BC004A0FE5 /* iso639-2.db */; };
		0E6C285F14C289DE004A0FE5 /* libsqlite3.dylib in Frameworks */ = {isa = PBXBuildFile; fileRef = 0E6C285E14C289DE004A0FE5 /* libsqlite3.dylib */; };
		0E6C286214C29515004A0FE5 /* HBBLangData.m in Sources */ = {isa = PBXBuildFile; fileRef = 0E6C286114C29515004A0FE5 /* HBBLangData.m */; };
		0E933F9D14C47C8000A5BB1D /* HBBVideoScan.m in Sources */ = {isa = PBXBuildFile; fileRef = 0E933F9C14C47C8000A5BB1D /* HBBVideoScan.m */; };
		0E987E2113E4062C00A99716 /* Preferences.xib in Resources */ = {isa = PBXBuildFile; fileRef = 0E987E2013E4062C00A99716 /* Preferences.xib */; };
		0E987E2413E4083900A99716 /* HBBPreferencesController.m in Sources */ = {isa = PBXBuildFile; fileRef = 0E987E2313E4083900A99716 /* HBBPreferencesController.m */; };
		0E9B490A136C874000FCDC68 /* Icon.icns in Resources */ = {isa = PBXBuildFile; fileRef = 0E9B4909136C874000FCDC68 /* Icon.icns */; };
		0EDBC5741390AFB300D88A0B /* Growl.framework in Frameworks */ = {isa = PBXBuildFile; fileRef = 0EDBC5731390AFB300D88A0B /* Growl.framework */; };
		0EDBC5771390B05500D88A0B /* Growl Registration Ticket.growlRegDict in Resources */ = {isa = PBXBuildFile; fileRef = 0EDBC5761390B05500D88A0B /* Growl Registration Ticket.growlRegDict */; };
		0EDBC5781390B57600D88A0B /* Growl.framework in CopyFiles */ = {isa = PBXBuildFile; fileRef = 0EDBC5731390AFB300D88A0B /* Growl.framework */; };
		0EEC80401369B4EA00D05124 /* Cocoa.framework in Frameworks */ = {isa = PBXBuildFile; fileRef = 0EEC803F1369B4EA00D05124 /* Cocoa.framework */; };
		0EEC804A1369B4EA00D05124 /* InfoPlist.strings in Resources */ = {isa = PBXBuildFile; fileRef = 0EEC80481369B4EA00D05124 /* InfoPlist.strings */; };
		0EEC804D1369B4EA00D05124 /* main.m in Sources */ = {isa = PBXBuildFile; fileRef = 0EEC804C1369B4EA00D05124 /* main.m */; };
		0EEC80531369B4EA00D05124 /* HandBrakeBatchAppDelegate.m in Sources */ = {isa = PBXBuildFile; fileRef = 0EEC80521369B4EA00D05124 /* HandBrakeBatchAppDelegate.m */; };
		0EEC80561369B4EA00D05124 /* MainMenu.xib in Resources */ = {isa = PBXBuildFile; fileRef = 0EEC80541369B4EA00D05124 /* MainMenu.xib */; };
		0EF72315136CFCE100D223F4 /* gpl-3.0.txt in Resources */ = {isa = PBXBuildFile; fileRef = 0EF72314136CFCE100D223F4 /* gpl-3.0.txt */; };
		0EF8EF95136CFEB700884AE8 /* Credits.rtf in Resources */ = {isa = PBXBuildFile; fileRef = 0EF8EF93136CFEB700884AE8 /* Credits.rtf */; };
		0EF8EF98136D07EB00884AE8 /* HandBrakeCLI_32 in Resources */ = {isa = PBXBuildFile; fileRef = 0EF8EF96136D07EB00884AE8 /* HandBrakeCLI_32 */; };
		0EF8EF99136D07EB00884AE8 /* HandBrakeCLI_64 in Resources */ = {isa = PBXBuildFile; fileRef = 0EF8EF97136D07EB00884AE8 /* HandBrakeCLI_64 */; };
		0EF8EFB1136D981000884AE8 /* Sparkle.framework in Frameworks */ = {isa = PBXBuildFile; fileRef = 0EF8EFB0136D981000884AE8 /* Sparkle.framework */; };
		0EF8EFB6136D9D2200884AE8 /* Sparkle.framework in CopyFiles */ = {isa = PBXBuildFile; fileRef = 0EF8EFB0136D981000884AE8 /* Sparkle.framework */; };
/* End PBXBuildFile section */

/* Begin PBXCopyFilesBuildPhase section */
		0E49A7631376435900FB3B77 /* CopyFiles */ = {
			isa = PBXCopyFilesBuildPhase;
			buildActionMask = 2147483647;
			dstPath = plist;
			dstSubfolderSpec = 7;
			files = (
				0E49A7641376437400FB3B77 /* generator.rb in CopyFiles */,
				0E49A7651376437400FB3B77 /* parser.rb in CopyFiles */,
			);
			runOnlyForDeploymentPostprocessing = 0;
		};
		0EF8EFB5136D9D1600884AE8 /* CopyFiles */ = {
			isa = PBXCopyFilesBuildPhase;
			buildActionMask = 2147483647;
			dstPath = "";
			dstSubfolderSpec = 10;
			files = (
				0EF8EFB6136D9D2200884AE8 /* Sparkle.framework in CopyFiles */,
				0EDBC5781390B57600D88A0B /* Growl.framework in CopyFiles */,
			);
			runOnlyForDeploymentPostprocessing = 0;
		};
/* End PBXCopyFilesBuildPhase section */

/* Begin PBXFileReference section */
		0E108B69136C47F200168057 /* HBBProgressController.h */ = {isa = PBXFileReference; fileEncoding = 4; lastKnownFileType = sourcecode.c.h; path = HBBProgressController.h; sourceTree = "<group>"; };
		0E108B6A136C47F200168057 /* HBBProgressController.m */ = {isa = PBXFileReference; fileEncoding = 4; lastKnownFileType = sourcecode.c.objc; path = HBBProgressController.m; sourceTree = "<group>"; };
		0E18546A136C4222004B5558 /* HBBProgressWindow.xib */ = {isa = PBXFileReference; fileEncoding = 4; lastKnownFileType = file.xib; path = HBBProgressWindow.xib; sourceTree = "<group>"; };
		0E49A75B137642B700FB3B77 /* generator.rb */ = {isa = PBXFileReference; fileEncoding = 4; lastKnownFileType = text.script.ruby; path = generator.rb; sourceTree = "<group>"; };
		0E49A75C137642B700FB3B77 /* parser.rb */ = {isa = PBXFileReference; fileEncoding = 4; lastKnownFileType = text.script.ruby; path = parser.rb; sourceTree = "<group>"; };
		0E49A75D137642B700FB3B77 /* manicure.rb */ = {isa = PBXFileReference; fileEncoding = 4; lastKnownFileType = text.script.ruby; path = manicure.rb; sourceTree = "<group>"; };
		0E49A75E137642B700FB3B77 /* plist.rb */ = {isa = PBXFileReference; fileEncoding = 4; lastKnownFileType = text.script.ruby; path = plist.rb; sourceTree = "<group>"; };
		0E49A76613764A1500FB3B77 /* HBBPresets.h */ = {isa = PBXFileReference; fileEncoding = 4; lastKnownFileType = sourcecode.c.h; path = HBBPresets.h; sourceTree = "<group>"; };
		0E49A76713764A1500FB3B77 /* HBBPresets.m */ = {isa = PBXFileReference; fileEncoding = 4; lastKnownFileType = sourcecode.c.objc; path = HBBPresets.m; sourceTree = "<group>"; };
		0E54925D136C49890094563F /* HBBInputFile.h */ = {isa = PBXFileReference; fileEncoding = 4; lastKnownFileType = sourcecode.c.h; path = HBBInputFile.h; sourceTree = "<group>"; };
		0E54925E136C49890094563F /* HBBInputFile.m */ = {isa = PBXFileReference; fileEncoding = 4; lastKnownFileType = sourcecode.c.objc; path = HBBInputFile.m; sourceTree = "<group>"; };
		0E6C285B14C288BC004A0FE5 /* iso639-2.db */ = {isa = PBXFileReference; lastKnownFileType = file; path = "iso639-2.db"; sourceTree = "<group>"; };
		0E6C285E14C289DE004A0FE5 /* libsqlite3.dylib */ = {isa = PBXFileReference; lastKnownFileType = "compiled.mach-o.dylib"; name = libsqlite3.dylib; path = SDKs/MacOSX10.6.sdk/usr/lib/libsqlite3.dylib; sourceTree = DEVELOPER_DIR; };
		0E6C286014C29515004A0FE5 /* HBBLangData.h */ = {isa = PBXFileReference; fileEncoding = 4; lastKnownFileType = sourcecode.c.h; path = HBBLangData.h; sourceTree = "<group>"; };
		0E6C286114C29515004A0FE5 /* HBBLangData.m */ = {isa = PBXFileReference; fileEncoding = 4; lastKnownFileType = sourcecode.c.objc; path = HBBLangData.m; sourceTree = "<group>"; };
		0E933F9B14C47C8000A5BB1D /* HBBVideoScan.h */ = {isa = PBXFileReference; fileEncoding = 4; lastKnownFileType = sourcecode.c.h; path = HBBVideoScan.h; sourceTree = "<group>"; };
		0E933F9C14C47C8000A5BB1D /* HBBVideoScan.m */ = {isa = PBXFileReference; fileEncoding = 4; lastKnownFileType = sourcecode.c.objc; path = HBBVideoScan.m; sourceTree = "<group>"; };
		0E987E2013E4062C00A99716 /* Preferences.xib */ = {isa = PBXFileReference; fileEncoding = 4; lastKnownFileType = file.xib; path = Preferences.xib; sourceTree = "<group>"; };
		0E987E2213E4083900A99716 /* HBBPreferencesController.h */ = {isa = PBXFileReference; fileEncoding = 4; lastKnownFileType = sourcecode.c.h; path = HBBPreferencesController.h; sourceTree = "<group>"; };
		0E987E2313E4083900A99716 /* HBBPreferencesController.m */ = {isa = PBXFileReference; fileEncoding = 4; lastKnownFileType = sourcecode.c.objc; path = HBBPreferencesController.m; sourceTree = "<group>"; };
		0E9B4909136C874000FCDC68 /* Icon.icns */ = {isa = PBXFileReference; lastKnownFileType = image.icns; path = Icon.icns; sourceTree = "<group>"; };
		0EDBC5731390AFB300D88A0B /* Growl.framework */ = {isa = PBXFileReference; lastKnownFileType = wrapper.framework; path = Growl.framework; sourceTree = "<group>"; };
		0EDBC5761390B05500D88A0B /* Growl Registration Ticket.growlRegDict */ = {isa = PBXFileReference; fileEncoding = 4; lastKnownFileType = text.xml; path = "Growl Registration Ticket.growlRegDict"; sourceTree = "<group>"; };
		0EEC803B1369B4EA00D05124 /* HandBrakeBatch.app */ = {isa = PBXFileReference; explicitFileType = wrapper.application; includeInIndex = 0; path = HandBrakeBatch.app; sourceTree = BUILT_PRODUCTS_DIR; };
		0EEC803F1369B4EA00D05124 /* Cocoa.framework */ = {isa = PBXFileReference; lastKnownFileType = wrapper.framework; name = Cocoa.framework; path = System/Library/Frameworks/Cocoa.framework; sourceTree = SDKROOT; };
		0EEC80421369B4EA00D05124 /* AppKit.framework */ = {isa = PBXFileReference; lastKnownFileType = wrapper.framework; name = AppKit.framework; path = System/Library/Frameworks/AppKit.framework; sourceTree = SDKROOT; };
		0EEC80431369B4EA00D05124 /* CoreData.framework */ = {isa = PBXFileReference; lastKnownFileType = wrapper.framework; name = CoreData.framework; path = System/Library/Frameworks/CoreData.framework; sourceTree = SDKROOT; };
		0EEC80441369B4EA00D05124 /* Foundation.framework */ = {isa = PBXFileReference; lastKnownFileType = wrapper.framework; name = Foundation.framework; path = System/Library/Frameworks/Foundation.framework; sourceTree = SDKROOT; };
		0EEC80471369B4EA00D05124 /* HandBrakeBatch-Info.plist */ = {isa = PBXFileReference; lastKnownFileType = text.plist.xml; path = "HandBrakeBatch-Info.plist"; sourceTree = "<group>"; };
		0EEC80491369B4EA00D05124 /* en */ = {isa = PBXFileReference; lastKnownFileType = text.plist.strings; name = en; path = en.lproj/InfoPlist.strings; sourceTree = "<group>"; };
		0EEC804B1369B4EA00D05124 /* HandBrakeBatch-Prefix.pch */ = {isa = PBXFileReference; lastKnownFileType = sourcecode.c.h; path = "HandBrakeBatch-Prefix.pch"; sourceTree = "<group>"; };
		0EEC804C1369B4EA00D05124 /* main.m */ = {isa = PBXFileReference; lastKnownFileType = sourcecode.c.objc; path = main.m; sourceTree = "<group>"; };
		0EEC80511369B4EA00D05124 /* HandBrakeBatchAppDelegate.h */ = {isa = PBXFileReference; lastKnownFileType = sourcecode.c.h; path = HandBrakeBatchAppDelegate.h; sourceTree = "<group>"; };
		0EEC80521369B4EA00D05124 /* HandBrakeBatchAppDelegate.m */ = {isa = PBXFileReference; lastKnownFileType = sourcecode.c.objc; path = HandBrakeBatchAppDelegate.m; sourceTree = "<group>"; };
		0EEC80551369B4EA00D05124 /* en */ = {isa = PBXFileReference; lastKnownFileType = file.xib; name = en; path = en.lproj/MainMenu.xib; sourceTree = "<group>"; };
		0EF72314136CFCE100D223F4 /* gpl-3.0.txt */ = {isa = PBXFileReference; fileEncoding = 4; lastKnownFileType = text; path = "gpl-3.0.txt"; sourceTree = "<group>"; };
		0EF8EF94136CFEB700884AE8 /* en */ = {isa = PBXFileReference; lastKnownFileType = text.rtf; name = en; path = en.lproj/Credits.rtf; sourceTree = "<group>"; };
		0EF8EF96136D07EB00884AE8 /* HandBrakeCLI_32 */ = {isa = PBXFileReference; lastKnownFileType = "compiled.mach-o.executable"; path = HandBrakeCLI_32; sourceTree = "<group>"; };
		0EF8EF97136D07EB00884AE8 /* HandBrakeCLI_64 */ = {isa = PBXFileReference; lastKnownFileType = "compiled.mach-o.executable"; path = HandBrakeCLI_64; sourceTree = "<group>"; };
		0EF8EFB0136D981000884AE8 /* Sparkle.framework */ = {isa = PBXFileReference; lastKnownFileType = wrapper.framework; path = Sparkle.framework; sourceTree = "<group>"; };
/* End PBXFileReference section */

/* Begin PBXFrameworksBuildPhase section */
		0EEC80381369B4EA00D05124 /* Frameworks */ = {
			isa = PBXFrameworksBuildPhase;
			buildActionMask = 2147483647;
			files = (
				0E6C285F14C289DE004A0FE5 /* libsqlite3.dylib in Frameworks */,
				0EEC80401369B4EA00D05124 /* Cocoa.framework in Frameworks */,
				0EF8EFB1136D981000884AE8 /* Sparkle.framework in Frameworks */,
				0EDBC5741390AFB300D88A0B /* Growl.framework in Frameworks */,
			);
			runOnlyForDeploymentPostprocessing = 0;
		};
/* End PBXFrameworksBuildPhase section */

/* Begin PBXGroup section */
		0E49A7581376428F00FB3B77 /* hb_manicure */ = {
			isa = PBXGroup;
			children = (
				0E49A75A137642B700FB3B77 /* plist */,
				0E49A75D137642B700FB3B77 /* manicure.rb */,
				0E49A75E137642B700FB3B77 /* plist.rb */,
			);
			name = hb_manicure;
			sourceTree = "<group>";
		};
		0E49A75A137642B700FB3B77 /* plist */ = {
			isa = PBXGroup;
			children = (
				0E49A75B137642B700FB3B77 /* generator.rb */,
				0E49A75C137642B700FB3B77 /* parser.rb */,
			);
			path = plist;
			sourceTree = "<group>";
		};
		0E549260136C49BD0094563F /* xib */ = {
			isa = PBXGroup;
			children = (
				0EEC80541369B4EA00D05124 /* MainMenu.xib */,
				0E18546A136C4222004B5558 /* HBBProgressWindow.xib */,
				0E987E2013E4062C00A99716 /* Preferences.xib */,
			);
			name = xib;
			sourceTree = "<group>";
		};
		0EEC80301369B4EA00D05124 = {
			isa = PBXGroup;
			children = (
				0EEC80451369B4EA00D05124 /* HandBrakeBatch */,
				0EEC803E1369B4EA00D05124 /* Frameworks */,
				0EEC803C1369B4EA00D05124 /* Products */,
			);
			sourceTree = "<group>";
		};
		0EEC803C1369B4EA00D05124 /* Products */ = {
			isa = PBXGroup;
			children = (
				0EEC803B1369B4EA00D05124 /* HandBrakeBatch.app */,
			);
			name = Products;
			sourceTree = "<group>";
		};
		0EEC803E1369B4EA00D05124 /* Frameworks */ = {
			isa = PBXGroup;
			children = (
				0E6C285E14C289DE004A0FE5 /* libsqlite3.dylib */,
				0EEC803F1369B4EA00D05124 /* Cocoa.framework */,
				0EEC80411369B4EA00D05124 /* Other Frameworks */,
			);
			name = Frameworks;
			sourceTree = "<group>";
		};
		0EEC80411369B4EA00D05124 /* Other Frameworks */ = {
			isa = PBXGroup;
			children = (
				0EDBC5731390AFB300D88A0B /* Growl.framework */,
				0EF8EFB0136D981000884AE8 /* Sparkle.framework */,
				0EEC80421369B4EA00D05124 /* AppKit.framework */,
				0EEC80431369B4EA00D05124 /* CoreData.framework */,
				0EEC80441369B4EA00D05124 /* Foundation.framework */,
			);
			name = "Other Frameworks";
			sourceTree = "<group>";
		};
		0EEC80451369B4EA00D05124 /* HandBrakeBatch */ = {
			isa = PBXGroup;
			children = (
				0EEC804C1369B4EA00D05124 /* main.m */,
				0E54925D136C49890094563F /* HBBInputFile.h */,
				0E54925E136C49890094563F /* HBBInputFile.m */,
				0EEC80511369B4EA00D05124 /* HandBrakeBatchAppDelegate.h */,
				0EEC80521369B4EA00D05124 /* HandBrakeBatchAppDelegate.m */,
				0E987E2213E4083900A99716 /* HBBPreferencesController.h */,
				0E987E2313E4083900A99716 /* HBBPreferencesController.m */,
				0E6C286014C29515004A0FE5 /* HBBLangData.h */,
				0E6C286114C29515004A0FE5 /* HBBLangData.m */,
				0E49A76613764A1500FB3B77 /* HBBPresets.h */,
				0E49A76713764A1500FB3B77 /* HBBPresets.m */,
				0E108B69136C47F200168057 /* HBBProgressController.h */,
				0E108B6A136C47F200168057 /* HBBProgressController.m */,
				0E933F9B14C47C8000A5BB1D /* HBBVideoScan.h */,
				0E933F9C14C47C8000A5BB1D /* HBBVideoScan.m */,
				0E549260136C49BD0094563F /* xib */,
				0EEC80461369B4EA00D05124 /* Supporting Files */,
			);
			path = HandBrakeBatch;
			sourceTree = "<group>";
		};
		0EEC80461369B4EA00D05124 /* Supporting Files */ = {
			isa = PBXGroup;
			children = (
				0E49A7581376428F00FB3B77 /* hb_manicure */,
				0EF8EF96136D07EB00884AE8 /* HandBrakeCLI_32 */,
				0EF8EF97136D07EB00884AE8 /* HandBrakeCLI_64 */,
				0EF8EF93136CFEB700884AE8 /* Credits.rtf */,
				0EF72314136CFCE100D223F4 /* gpl-3.0.txt */,
				0E9B4909136C874000FCDC68 /* Icon.icns */,
				0EEC80471369B4EA00D05124 /* HandBrakeBatch-Info.plist */,
				0EEC80481369B4EA00D05124 /* InfoPlist.strings */,
				0EEC804B1369B4EA00D05124 /* HandBrakeBatch-Prefix.pch */,
				0EDBC5761390B05500D88A0B /* Growl Registration Ticket.growlRegDict */,
				0E6C285B14C288BC004A0FE5 /* iso639-2.db */,
			);
			name = "Supporting Files";
			sourceTree = "<group>";
		};
/* End PBXGroup section */

/* Begin PBXNativeTarget section */
		0EEC803A1369B4EA00D05124 /* HandBrakeBatch */ = {
			isa = PBXNativeTarget;
			buildConfigurationList = 0EEC80591369B4EA00D05124 /* Build configuration list for PBXNativeTarget "HandBrakeBatch" */;
			buildPhases = (
				0EEC80371369B4EA00D05124 /* Sources */,
				0EEC80381369B4EA00D05124 /* Frameworks */,
				0EEC80391369B4EA00D05124 /* Resources */,
				0EF8EFB5136D9D1600884AE8 /* CopyFiles */,
				0E49A7631376435900FB3B77 /* CopyFiles */,
			);
			buildRules = (
			);
			dependencies = (
			);
			name = HandBrakeBatch;
			productName = HandBrakeBatch;
			productReference = 0EEC803B1369B4EA00D05124 /* HandBrakeBatch.app */;
			productType = "com.apple.product-type.application";
		};
/* End PBXNativeTarget section */

/* Begin PBXProject section */
		0EEC80321369B4EA00D05124 /* Project object */ = {
			isa = PBXProject;
			attributes = {
				LastUpgradeCheck = 0420;
				ORGANIZATIONNAME = "Murex SEA";
			};
			buildConfigurationList = 0EEC80351369B4EA00D05124 /* Build configuration list for PBXProject "HandBrakeBatch" */;
			compatibilityVersion = "Xcode 3.2";
			developmentRegion = English;
			hasScannedForEncodings = 0;
			knownRegions = (
				en,
			);
			mainGroup = 0EEC80301369B4EA00D05124;
			productRefGroup = 0EEC803C1369B4EA00D05124 /* Products */;
			projectDirPath = "";
			projectRoot = "";
			targets = (
				0EEC803A1369B4EA00D05124 /* HandBrakeBatch */,
			);
		};
/* End PBXProject section */

/* Begin PBXResourcesBuildPhase section */
		0EEC80391369B4EA00D05124 /* Resources */ = {
			isa = PBXResourcesBuildPhase;
			buildActionMask = 2147483647;
			files = (
				0EEC804A1369B4EA00D05124 /* InfoPlist.strings in Resources */,
				0EEC80561369B4EA00D05124 /* MainMenu.xib in Resources */,
				0E18546B136C4222004B5558 /* HBBProgressWindow.xib in Resources */,
				0E9B490A136C874000FCDC68 /* Icon.icns in Resources */,
				0EF72315136CFCE100D223F4 /* gpl-3.0.txt in Resources */,
				0EF8EF95136CFEB700884AE8 /* Credits.rtf in Resources */,
				0EF8EF98136D07EB00884AE8 /* HandBrakeCLI_32 in Resources */,
				0EF8EF99136D07EB00884AE8 /* HandBrakeCLI_64 in Resources */,
				0E49A761137642B700FB3B77 /* manicure.rb in Resources */,
				0E49A762137642B700FB3B77 /* plist.rb in Resources */,
				0EDBC5771390B05500D88A0B /* Growl Registration Ticket.growlRegDict in Resources */,
				0E987E2113E4062C00A99716 /* Preferences.xib in Resources */,
				0E6C285C14C288BC004A0FE5 /* iso639-2.db in Resources */,
			);
			runOnlyForDeploymentPostprocessing = 0;
		};
/* End PBXResourcesBuildPhase section */

/* Begin PBXSourcesBuildPhase section */
		0EEC80371369B4EA00D05124 /* Sources */ = {
			isa = PBXSourcesBuildPhase;
			buildActionMask = 2147483647;
			files = (
				0EEC804D1369B4EA00D05124 /* main.m in Sources */,
				0EEC80531369B4EA00D05124 /* HandBrakeBatchAppDelegate.m in Sources */,
				0E108B6B136C47F200168057 /* HBBProgressController.m in Sources */,
				0E54925F136C49890094563F /* HBBInputFile.m in Sources */,
				0E49A76813764A1500FB3B77 /* HBBPresets.m in Sources */,
				0E987E2413E4083900A99716 /* HBBPreferencesController.m in Sources */,
				0E6C286214C29515004A0FE5 /* HBBLangData.m in Sources */,
				0E933F9D14C47C8000A5BB1D /* HBBVideoScan.m in Sources */,
			);
			runOnlyForDeploymentPostprocessing = 0;
		};
/* End PBXSourcesBuildPhase section */

/* Begin PBXVariantGroup section */
		0EEC80481369B4EA00D05124 /* InfoPlist.strings */ = {
			isa = PBXVariantGroup;
			children = (
				0EEC80491369B4EA00D05124 /* en */,
			);
			name = InfoPlist.strings;
			sourceTree = "<group>";
		};
		0EEC80541369B4EA00D05124 /* MainMenu.xib */ = {
			isa = PBXVariantGroup;
			children = (
				0EEC80551369B4EA00D05124 /* en */,
			);
			name = MainMenu.xib;
			sourceTree = "<group>";
		};
		0EF8EF93136CFEB700884AE8 /* Credits.rtf */ = {
			isa = PBXVariantGroup;
			children = (
				0EF8EF94136CFEB700884AE8 /* en */,
			);
			name = Credits.rtf;
			sourceTree = "<group>";
		};
/* End PBXVariantGroup section */

/* Begin XCBuildConfiguration section */
		0EEC80571369B4EA00D05124 /* Debug */ = {
			isa = XCBuildConfiguration;
			buildSettings = {
				ARCHS = "$(ARCHS_STANDARD_32_64_BIT)";
				CLANG_ARC_MIGRATION = donothing;
				GCC_C_LANGUAGE_STANDARD = gnu99;
				GCC_ENABLE_OBJC_GC = required;
				GCC_OPTIMIZATION_LEVEL = 0;
				GCC_PREPROCESSOR_DEFINITIONS = DEBUG;
				GCC_SYMBOLS_PRIVATE_EXTERN = NO;
				GCC_VERSION = com.apple.compilers.llvm.clang.1_0;
				GCC_WARN_64_TO_32_BIT_CONVERSION = YES;
				GCC_WARN_ABOUT_RETURN_TYPE = YES;
				GCC_WARN_UNUSED_VARIABLE = YES;
				MACOSX_DEPLOYMENT_TARGET = 10.6;
				ONLY_ACTIVE_ARCH = YES;
				SDKROOT = macosx;
			};
			name = Debug;
		};
		0EEC80581369B4EA00D05124 /* Release */ = {
			isa = XCBuildConfiguration;
			buildSettings = {
				ARCHS = "$(ARCHS_STANDARD_32_64_BIT)";
				CLANG_ARC_MIGRATION = donothing;
				GCC_C_LANGUAGE_STANDARD = gnu99;
				GCC_ENABLE_OBJC_GC = required;
				GCC_VERSION = com.apple.compilers.llvm.clang.1_0;
				GCC_WARN_64_TO_32_BIT_CONVERSION = YES;
				GCC_WARN_ABOUT_RETURN_TYPE = YES;
				GCC_WARN_UNUSED_VARIABLE = YES;
				MACOSX_DEPLOYMENT_TARGET = 10.6;
				SDKROOT = macosx;
			};
			name = Release;
		};
		0EEC805A1369B4EA00D05124 /* Debug */ = {
			isa = XCBuildConfiguration;
			buildSettings = {
				ALWAYS_SEARCH_USER_PATHS = NO;
				CODE_SIGN_IDENTITY = "3rd Party Mac Developer Application";
				COPY_PHASE_STRIP = NO;
				FRAMEWORK_SEARCH_PATHS = (
					"$(inherited)",
					"\"$(SRCROOT)\"",
				);
				GCC_DYNAMIC_NO_PIC = NO;
				GCC_ENABLE_OBJC_EXCEPTIONS = YES;
				GCC_PRECOMPILE_PREFIX_HEADER = YES;
				GCC_PREFIX_HEADER = "HandBrakeBatch/HandBrakeBatch-Prefix.pch";
				INFOPLIST_FILE = "HandBrakeBatch/HandBrakeBatch-Info.plist";
				MACOSX_DEPLOYMENT_TARGET = 10.6;
				PRODUCT_NAME = "$(TARGET_NAME)";
				SDKROOT = macosx10.6;
				WRAPPER_EXTENSION = app;
			};
			name = Debug;
		};
		0EEC805B1369B4EA00D05124 /* Release */ = {
			isa = XCBuildConfiguration;
			buildSettings = {
				ALWAYS_SEARCH_USER_PATHS = NO;
				CODE_SIGN_IDENTITY = "3rd Party Mac Developer Application";
				COPY_PHASE_STRIP = YES;
				DEBUG_INFORMATION_FORMAT = "dwarf-with-dsym";
				FRAMEWORK_SEARCH_PATHS = (
					"$(inherited)",
					"\"$(SRCROOT)\"",
				);
				GCC_ENABLE_OBJC_EXCEPTIONS = YES;
				GCC_PRECOMPILE_PREFIX_HEADER = YES;
				GCC_PREFIX_HEADER = "HandBrakeBatch/HandBrakeBatch-Prefix.pch";
				INFOPLIST_FILE = "HandBrakeBatch/HandBrakeBatch-Info.plist";
				MACOSX_DEPLOYMENT_TARGET = 10.6;
				PRODUCT_NAME = "$(TARGET_NAME)";
				SDKROOT = macosx10.6;
				WRAPPER_EXTENSION = app;
			};
			name = Release;
		};
/* End XCBuildConfiguration section */

/* Begin XCConfigurationList section */
		0EEC80351369B4EA00D05124 /* Build configuration list for PBXProject "HandBrakeBatch" */ = {
			isa = XCConfigurationList;
			buildConfigurations = (
				0EEC80571369B4EA00D05124 /* Debug */,
				0EEC80581369B4EA00D05124 /* Release */,
			);
			defaultConfigurationIsVisible = 0;
			defaultConfigurationName = Release;
		};
		0EEC80591369B4EA00D05124 /* Build configuration list for PBXNativeTarget "HandBrakeBatch" */ = {
			isa = XCConfigurationList;
			buildConfigurations = (
				0EEC805A1369B4EA00D05124 /* Debug */,
				0EEC805B1369B4EA00D05124 /* Release */,
			);
			defaultConfigurationIsVisible = 0;
			defaultConfigurationName = Release;
		};
/* End XCConfigurationList section */
	};
	rootObject = 0EEC80321369B4EA00D05124 /* Project object */;
}
